<?xml version="1.0" encoding="utf-8"?>
<Project ToolsVersion="4.0" xmlns="http://schemas.microsoft.com/developer/msbuild/2003">
  <ItemGroup>
    <Filter Include="Source Files">
      <UniqueIdentifier>{4FC737F1-C7A5-4376-A066-2A32D752A2FF}</UniqueIdentifier>
      <Extensions>cpp;c;cc;cxx;c++;cppm;ixx;def;odl;idl;hpj;bat;asm;asmx</Extensions>
    </Filter>
    <Filter Include="Header Files">
      <UniqueIdentifier>{93995380-89BD-4b04-88EB-625FBE52EBFB}</UniqueIdentifier>
      <Extensions>h;hh;hpp;hxx;h++;hm;inl;inc;ipp;xsd</Extensions>
    </Filter>
    <Filter Include="Resource Files">
      <UniqueIdentifier>{67DA6AB6-F800-4c08-8B7A-83BB121AAD01}</UniqueIdentifier>
      <Extensions>rc;ico;cur;bmp;dlg;rc2;rct;bin;rgs;gif;jpg;jpeg;jpe;resx;tiff;tif;png;wav;mfcribbon-ms</Extensions>
    </Filter>
    <Filter Include="Resource Files\Shaders">
      <UniqueIdentifier>{f93241e8-8e96-4dee-a7ff-2583684b451d}</UniqueIdentifier>
    </Filter>
    <Filter Include="Resource Files\Shaders\BlinnPhong">
      <UniqueIdentifier>{bb386957-ac77-4ff7-a2d6-9af2ff7f9a62}</UniqueIdentifier>
    </Filter>
    <Filter Include="Resource Files\Shaders\Cubemap">
      <UniqueIdentifier>{e5a02510-9188-4723-8616-43c40b595982}</UniqueIdentifier>
    </Filter>
    <Filter Include="Resource Files\Shaders\ShadowMapping">
      <UniqueIdentifier>{130b3ede-5c54-454b-9f25-87bc6a24a78a}</UniqueIdentifier>
    </Filter>
    <Filter Include="Resource Files\Shaders\Misc">
      <UniqueIdentifier>{2b9e3dcc-dc0e-4a9f-acda-09c05298070e}</UniqueIdentifier>
    </Filter>
    <Filter Include="Resource Files\Shaders\ModelLoading">
      <UniqueIdentifier>{8726d2b8-e7a9-4cf3-b11d-44939c84eb11}</UniqueIdentifier>
    </Filter>
    <Filter Include="Resource Files\Shaders\Deferred">
      <UniqueIdentifier>{32759f88-70f9-466d-93f6-34912b9af670}</UniqueIdentifier>
    </Filter>
    <Filter Include="Header Files\Apps">
      <UniqueIdentifier>{90c652d4-098b-47e2-beb4-3a9966a13d91}</UniqueIdentifier>
    </Filter>
    <Filter Include="Header Files\System">
      <UniqueIdentifier>{99623857-e092-4360-9005-fc37983790b2}</UniqueIdentifier>
    </Filter>
    <Filter Include="Source Files\App">
      <UniqueIdentifier>{abb55d5d-8504-4cbf-a975-a461862a1941}</UniqueIdentifier>
    </Filter>
    <Filter Include="Source Files\System">
      <UniqueIdentifier>{6ce0c462-07c2-43ef-a9e0-fda920d75440}</UniqueIdentifier>
    </Filter>
    <Filter Include="Resource Files\Shaders\GeometryShader">
      <UniqueIdentifier>{e4cc0378-04b4-4b6d-a8dd-bb9f5961bbbd}</UniqueIdentifier>
    </Filter>
  </ItemGroup>
  <ItemGroup>
    <ClCompile Include="main.cpp">
      <Filter>Source Files</Filter>
    </ClCompile>
    <ClCompile Include="Apps\AppBase.cpp">
      <Filter>Source Files\App</Filter>
    </ClCompile>
    <ClCompile Include="Apps\AppBlinnPhong.cpp">
      <Filter>Source Files\App</Filter>
    </ClCompile>
    <ClCompile Include="Apps\AppBoxes.cpp">
      <Filter>Source Files\App</Filter>
    </ClCompile>
    <ClCompile Include="Apps\AppDeferred.cpp">
      <Filter>Source Files\App</Filter>
    </ClCompile>
    <ClCompile Include="Apps\AppDeferredSponza.cpp">
      <Filter>Source Files\App</Filter>
    </ClCompile>
    <ClCompile Include="Apps\AppModelLoading.cpp">
      <Filter>Source Files\App</Filter>
    </ClCompile>
    <ClCompile Include="Apps\AppSettings.cpp">
      <Filter>Source Files\App</Filter>
    </ClCompile>
    <ClCompile Include="Apps\AppShadowMapping.cpp">
      <Filter>Source Files\App</Filter>
    </ClCompile>
    <ClCompile Include="Apps\AppSkyboxWithCube.cpp">
      <Filter>Source Files\App</Filter>
    </ClCompile>
    <ClCompile Include="Apps\AppSkyboxWIthModel.cpp">
      <Filter>Source Files\App</Filter>
    </ClCompile>
    <ClCompile Include="Apps\AppSSAO.cpp">
      <Filter>Source Files\App</Filter>
    </ClCompile>
    <ClCompile Include="System\Camera.cpp">
      <Filter>Source Files\System</Filter>
    </ClCompile>
    <ClCompile Include="System\GBuffer.cpp">
      <Filter>Source Files\System</Filter>
    </ClCompile>
    <ClCompile Include="System\Light.cpp">
      <Filter>Source Files\System</Filter>
    </ClCompile>
    <ClCompile Include="System\Mesh.cpp">
      <Filter>Source Files\System</Filter>
    </ClCompile>
    <ClCompile Include="System\Model.cpp">
      <Filter>Source Files\System</Filter>
    </ClCompile>
    <ClCompile Include="System\Shader.cpp">
      <Filter>Source Files\System</Filter>
    </ClCompile>
    <ClCompile Include="System\ShapeFactory.cpp">
      <Filter>Source Files\System</Filter>
    </ClCompile>
    <ClCompile Include="System\Texture.cpp">
      <Filter>Source Files\System</Filter>
    </ClCompile>
    <ClCompile Include="System\XMLReader.cpp">
      <Filter>Source Files\System</Filter>
    </ClCompile>
    <ClCompile Include="Apps\AppGeom.cpp">
      <Filter>Source Files\App</Filter>
    </ClCompile>
  </ItemGroup>
  <ItemGroup>
    <None Include="..\Shaders\blinn_phong.fragment">
      <Filter>Resource Files\Shaders\BlinnPhong</Filter>
    </None>
    <None Include="..\Shaders\blinn_phong.vertex">
      <Filter>Resource Files\Shaders\BlinnPhong</Filter>
    </None>
    <None Include="..\Shaders\camera.fragment">
      <Filter>Resource Files\Shaders\Misc</Filter>
    </None>
    <None Include="..\Shaders\camera.vertex">
      <Filter>Resource Files\Shaders\Misc</Filter>
    </None>
    <None Include="..\Shaders\colored_triangle.fragment">
      <Filter>Resource Files\Shaders\Misc</Filter>
    </None>
    <None Include="..\Shaders\colored_triangle.vertex">
      <Filter>Resource Files\Shaders\Misc</Filter>
    </None>
    <None Include="..\Shaders\cube.fragment">
      <Filter>Resource Files\Shaders\Cubemap</Filter>
    </None>
    <None Include="..\Shaders\cube.vertex">
      <Filter>Resource Files\Shaders\Cubemap</Filter>
    </None>
    <None Include="..\Shaders\skybox.fragment">
      <Filter>Resource Files\Shaders\Cubemap</Filter>
    </None>
    <None Include="..\Shaders\skybox.vertex">
      <Filter>Resource Files\Shaders\Cubemap</Filter>
    </None>
    <None Include="..\Shaders\texture.fragment">
      <Filter>Resource Files\Shaders\Misc</Filter>
    </None>
    <None Include="..\Shaders\texture.vertex">
      <Filter>Resource Files\Shaders\Misc</Filter>
    </None>
    <None Include="..\Shaders\shadow_mapping.fragment">
      <Filter>Resource Files\Shaders\ShadowMapping</Filter>
    </None>
    <None Include="..\Shaders\shadow_mapping.vertex">
      <Filter>Resource Files\Shaders\ShadowMapping</Filter>
    </None>
    <None Include="..\Shaders\shadow_mapping_debug.fragment">
      <Filter>Resource Files\Shaders\ShadowMapping</Filter>
    </None>
    <None Include="..\Shaders\shadow_mapping_debug.vertex">
      <Filter>Resource Files\Shaders\ShadowMapping</Filter>
    </None>
    <None Include="..\Shaders\shadow_mapping_depth.fragment">
      <Filter>Resource Files\Shaders\ShadowMapping</Filter>
    </None>
    <None Include="..\Shaders\shadow_mapping_depth.vertex">
      <Filter>Resource Files\Shaders\ShadowMapping</Filter>
    </None>
    <None Include="..\Shaders\light_cube.fragment">
      <Filter>Resource Files\Shaders\Misc</Filter>
    </None>
    <None Include="..\Shaders\light_cube.vertex">
      <Filter>Resource Files\Shaders\Misc</Filter>
    </None>
    <None Include="..\Shaders\model_loading.fragment">
      <Filter>Resource Files\Shaders\ModelLoading</Filter>
    </None>
    <None Include="..\Shaders\model_loading.vertex">
      <Filter>Resource Files\Shaders\ModelLoading</Filter>
    </None>
    <None Include="..\Shaders\blinn_phong_skybox.fragment">
      <Filter>Resource Files\Shaders\Cubemap</Filter>
    </None>
    <None Include="..\Shaders\blinn_phong_skybox.vertex">
      <Filter>Resource Files\Shaders\Cubemap</Filter>
    </None>
    <None Include="..\Shaders\deferred_lighting.fragment">
      <Filter>Resource Files\Shaders\Deferred</Filter>
    </None>
    <None Include="..\Shaders\deferred_lighting.vertex">
      <Filter>Resource Files\Shaders\Deferred</Filter>
    </None>
    <None Include="..\Shaders\deferred_fbo_debug.fragment">
      <Filter>Resource Files\Shaders\Deferred</Filter>
    </None>
    <None Include="..\Shaders\deferred_fbo_debug.vertex">
      <Filter>Resource Files\Shaders\Deferred</Filter>
    </None>
    <None Include="..\Shaders\deferred_g_buffer.fragment">
      <Filter>Resource Files\Shaders\Deferred</Filter>
    </None>
    <None Include="..\Shaders\deferred_g_buffer.vertex">
      <Filter>Resource Files\Shaders\Deferred</Filter>
    </None>
    <None Include="..\Shaders\light_sphere.fragment">
      <Filter>Resource Files\Shaders\Misc</Filter>
    </None>
    <None Include="..\Shaders\light_sphere.vertex">
      <Filter>Resource Files\Shaders\Misc</Filter>
    </None>
    <None Include="..\Shaders\geom.fragment">
      <Filter>Resource Files\Shaders\GeometryShader</Filter>
    </None>
    <None Include="..\Shaders\geom.geometry">
      <Filter>Resource Files\Shaders\GeometryShader</Filter>
    </None>
    <None Include="..\Shaders\geom.vertex">
      <Filter>Resource Files\Shaders\GeometryShader</Filter>
    </None>
  </ItemGroup>
  <ItemGroup>
    <Xml Include="..\Settings\main.xml">
      <Filter>Resource Files</Filter>
    </Xml>
  </ItemGroup>
  <ItemGroup>
    <ClInclude Include="Apps\AppBase.h">
      <Filter>Header Files\Apps</Filter>
    </ClInclude>
    <ClInclude Include="Apps\AppBlinnPhong.h">
      <Filter>Header Files\Apps</Filter>
    </ClInclude>
    <ClInclude Include="Apps\AppBoxes.h">
      <Filter>Header Files\Apps</Filter>
    </ClInclude>
    <ClInclude Include="Apps\AppDeferred.h">
      <Filter>Header Files\Apps</Filter>
    </ClInclude>
    <ClInclude Include="Apps\AppDeferredSponza.h">
      <Filter>Header Files\Apps</Filter>
    </ClInclude>
    <ClInclude Include="Apps\AppModelLoading.h">
      <Filter>Header Files\Apps</Filter>
    </ClInclude>
    <ClInclude Include="Apps\AppSettings.h">
      <Filter>Header Files\Apps</Filter>
    </ClInclude>
    <ClInclude Include="Apps\AppShadowMapping.h">
      <Filter>Header Files\Apps</Filter>
    </ClInclude>
    <ClInclude Include="Apps\AppSkyboxWithCube.h">
      <Filter>Header Files\Apps</Filter>
    </ClInclude>
    <ClInclude Include="Apps\AppSkyboxWithModel.h">
      <Filter>Header Files\Apps</Filter>
    </ClInclude>
    <ClInclude Include="Apps\AppSSAO.h">
      <Filter>Header Files\Apps</Filter>
    </ClInclude>
    <ClInclude Include="System\Camera.h">
      <Filter>Header Files\System</Filter>
    </ClInclude>
    <ClInclude Include="System\GBuffer.h">
      <Filter>Header Files\System</Filter>
    </ClInclude>
    <ClInclude Include="System\Light.h">
      <Filter>Header Files\System</Filter>
    </ClInclude>
    <ClInclude Include="System\Mesh.h">
      <Filter>Header Files\System</Filter>
    </ClInclude>
    <ClInclude Include="System\Model.h">
      <Filter>Header Files\System</Filter>
    </ClInclude>
    <ClInclude Include="System\Shader.h">
      <Filter>Header Files\System</Filter>
    </ClInclude>
    <ClInclude Include="System\ShapeFactory.h">
      <Filter>Header Files\System</Filter>
    </ClInclude>
    <ClInclude Include="System\Texture.h">
      <Filter>Header Files\System</Filter>
    </ClInclude>
    <ClInclude Include="System\UsefulStuff.h">
      <Filter>Header Files\System</Filter>
    </ClInclude>
    <ClInclude Include="System\XMLReader.h">
      <Filter>Header Files\System</Filter>
    </ClInclude>
    <ClInclude Include="Apps\AppGeom.h">
      <Filter>Header Files\Apps</Filter>
    </ClInclude>
  </ItemGroup>
</Project>